{
    "_meta": {
        "hash": {
            "sha256": "07fae8164a4fb1f591ce228e55d72aabdb8383731e15a05cefdadd620c490fe5"
        },
        "pipfile-spec": 6,
        "requires": {
            "python_version": "3.7"
        },
        "sources": [
            {
                "name": "pypi",
                "url": "https://pypi.org/simple",
                "verify_ssl": true
            }
        ]
    },
    "default": {
        "colorama": {
            "hashes": [
                "sha256:05eed71e2e327246ad6b38c540c4a3117230b19679b875190486ddd2d721422d",
                "sha256:f8ac84de7840f5b9c4e3347b3c1eaa50f7e49c2b07596221daec5edaabbd7c48"
            ],
            "index": "pypi",
            "version": "==0.4.1"
        },
        "snum-square": {
            "hashes": [
                "sha256:63388e50ae4dd63c9b6f08c661b72b4802e23fe79e8c454d9e6957a5cfdc1459"
            ],
            "index": "pypi",
            "version": "==1.0.0"
        }
    },
    "develop": {}
}
